// !$*UTF8*$!
{
	archiveVersion = 1;
	classes = {
	};
	objectVersion = 50;
	objects = {

/* Begin PBXBuildFile section */
		0ECAC6FD224B70200041BD86 /* DDLabelSwitch.swift in Sources */ = {isa = PBXBuildFile; fileRef = 0ECAC6FC224B70200041BD86 /* DDLabelSwitch.swift */; };
		0EECDFEC224CD0A200BAE055 /* DDImageSwitch.swift in Sources */ = {isa = PBXBuildFile; fileRef = 0EECDFEB224CD0A200BAE055 /* DDImageSwitch.swift */; };
		F23711BB22476E0800547DC4 /* DDSwitch.swift in Sources */ = {isa = PBXBuildFile; fileRef = F23711BA22476E0800547DC4 /* DDSwitch.swift */; };
		F265D539223E6EE800421445 /* DDAnimatedSwitch.h in Headers */ = {isa = PBXBuildFile; fileRef = F265D537223E6EE800421445 /* DDAnimatedSwitch.h */; settings = {ATTRIBUTES = (Public, ); }; };
		F265D540223E6F1000421445 /* DDAnimatedSwitch.swift in Sources */ = {isa = PBXBuildFile; fileRef = F265D53F223E6F1000421445 /* DDAnimatedSwitch.swift */; };
		F265D543223E755A00421445 /* DDAnimatedThumbView.swift in Sources */ = {isa = PBXBuildFile; fileRef = F265D542223E755A00421445 /* DDAnimatedThumbView.swift */; };
/* End PBXBuildFile section */

/* Begin PBXFileReference section */
		0ECAC6FC224B70200041BD86 /* DDLabelSwitch.swift */ = {isa = PBXFileReference; lastKnownFileType = sourcecode.swift; path = DDLabelSwitch.swift; sourceTree = "<group>"; };
		0EECDFEB224CD0A200BAE055 /* DDImageSwitch.swift */ = {isa = PBXFileReference; lastKnownFileType = sourcecode.swift; path = DDImageSwitch.swift; sourceTree = "<group>"; };
		F23711BA22476E0800547DC4 /* DDSwitch.swift */ = {isa = PBXFileReference; lastKnownFileType = sourcecode.swift; path = DDSwitch.swift; sourceTree = "<group>"; };
		F265D534223E6EE800421445 /* DDAnimatedSwitch.framework */ = {isa = PBXFileReference; explicitFileType = wrapper.framework; includeInIndex = 0; path = DDAnimatedSwitch.framework; sourceTree = BUILT_PRODUCTS_DIR; };
		F265D537223E6EE800421445 /* DDAnimatedSwitch.h */ = {isa = PBXFileReference; lastKnownFileType = sourcecode.c.h; path = DDAnimatedSwitch.h; sourceTree = "<group>"; };
		F265D538223E6EE800421445 /* Info.plist */ = {isa = PBXFileReference; lastKnownFileType = text.plist.xml; path = Info.plist; sourceTree = "<group>"; };
		F265D53F223E6F1000421445 /* DDAnimatedSwitch.swift */ = {isa = PBXFileReference; lastKnownFileType = sourcecode.swift; path = DDAnimatedSwitch.swift; sourceTree = "<group>"; };
		F265D542223E755A00421445 /* DDAnimatedThumbView.swift */ = {isa = PBXFileReference; lastKnownFileType = sourcecode.swift; path = DDAnimatedThumbView.swift; sourceTree = "<group>"; };
/* End PBXFileReference section */

/* Begin PBXFrameworksBuildPhase section */
		F265D531223E6EE800421445 /* Frameworks */ = {
			isa = PBXFrameworksBuildPhase;
			buildActionMask = 2147483647;
			files = (
			);
			runOnlyForDeploymentPostprocessing = 0;
		};
/* End PBXFrameworksBuildPhase section */

/* Begin PBXGroup section */
		F265D52A223E6EE800421445 = {
			isa = PBXGroup;
			children = (
				F265D536223E6EE800421445 /* DDAnimatedSwitch */,
				F265D535223E6EE800421445 /* Products */,
			);
			sourceTree = "<group>";
		};
		F265D535223E6EE800421445 /* Products */ = {
			isa = PBXGroup;
			children = (
				F265D534223E6EE800421445 /* DDAnimatedSwitch.framework */,
			);
			name = Products;
			sourceTree = "<group>";
		};
		F265D536223E6EE800421445 /* DDAnimatedSwitch */ = {
			isa = PBXGroup;
			children = (
				F265D537223E6EE800421445 /* DDAnimatedSwitch.h */,
				F265D538223E6EE800421445 /* Info.plist */,
				F23711BA22476E0800547DC4 /* DDSwitch.swift */,
				0ECAC6FC224B70200041BD86 /* DDLabelSwitch.swift */,
				0EECDFEB224CD0A200BAE055 /* DDImageSwitch.swift */,
				F265D53F223E6F1000421445 /* DDAnimatedSwitch.swift */,
				F265D542223E755A00421445 /* DDAnimatedThumbView.swift */,
			);
			path = DDAnimatedSwitch;
			sourceTree = "<group>";
		};
/* End PBXGroup section */

/* Begin PBXHeadersBuildPhase section */
		F265D52F223E6EE800421445 /* Headers */ = {
			isa = PBXHeadersBuildPhase;
			buildActionMask = 2147483647;
			files = (
				F265D539223E6EE800421445 /* DDAnimatedSwitch.h in Headers */,
			);
			runOnlyForDeploymentPostprocessing = 0;
		};
/* End PBXHeadersBuildPhase section */

/* Begin PBXNativeTarget section */
		F265D533223E6EE800421445 /* DDAnimatedSwitch */ = {
			isa = PBXNativeTarget;
			buildConfigurationList = F265D53C223E6EE800421445 /* Build configuration list for PBXNativeTarget "DDAnimatedSwitch" */;
			buildPhases = (
				F265D52F223E6EE800421445 /* Headers */,
				F265D530223E6EE800421445 /* Sources */,
				F265D531223E6EE800421445 /* Frameworks */,
				F265D532223E6EE800421445 /* Resources */,
			);
			buildRules = (
			);
			dependencies = (
			);
			name = DDAnimatedSwitch;
			productName = DDAnimatedSwitch;
			productReference = F265D534223E6EE800421445 /* DDAnimatedSwitch.framework */;
			productType = "com.apple.product-type.framework";
		};
/* End PBXNativeTarget section */

/* Begin PBXProject section */
		F265D52B223E6EE800421445 /* Project object */ = {
			isa = PBXProject;
			attributes = {
				LastUpgradeCheck = 1010;
				ORGANIZATIONNAME = DD;
				TargetAttributes = {
					F265D533223E6EE800421445 = {
						CreatedOnToolsVersion = 10.1;
						LastSwiftMigration = 1010;
					};
				};
			};
			buildConfigurationList = F265D52E223E6EE800421445 /* Build configuration list for PBXProject "DDAnimatedSwitch" */;
			compatibilityVersion = "Xcode 9.3";
			developmentRegion = en;
			hasScannedForEncodings = 0;
			knownRegions = (
				en,
			);
			mainGroup = F265D52A223E6EE800421445;
			productRefGroup = F265D535223E6EE800421445 /* Products */;
			projectDirPath = "";
			projectRoot = "";
			targets = (
				F265D533223E6EE800421445 /* DDAnimatedSwitch */,
			);
		};
/* End PBXProject section */

/* Begin PBXResourcesBuildPhase section */
		F265D532223E6EE800421445 /* Resources */ = {
			isa = PBXResourcesBuildPhase;
			buildActionMask = 2147483647;
			files = (
			);
			runOnlyForDeploymentPostprocessing = 0;
		};
/* End PBXResourcesBuildPhase section */

/* Begin PBXSourcesBuildPhase section */
		F265D530223E6EE800421445 /* Sources */ = {
			isa = PBXSourcesBuildPhase;
			buildActionMask = 2147483647;
			files = (
				0EECDFEC224CD0A200BAE055 /* DDImageSwitch.swift in Sources */,
				0ECAC6FD224B70200041BD86 /* DDLabelSwitch.swift in Sources */,
				F23711BB22476E0800547DC4 /* DDSwitch.swift in Sources */,
				F265D540223E6F1000421445 /* DDAnimatedSwitch.swift in Sources */,
				F265D543223E755A00421445 /* DDAnimatedThumbView.swift in Sources */,
			);
			runOnlyForDeploymentPostprocessing = 0;
		};
/* End PBXSourcesBuildPhase section */

/* Begin XCBuildConfiguration section */
		F265D53A223E6EE800421445 /* Debug */ = {
			isa = XCBuildConfiguration;
			buildSettings = {
				ALWAYS_SEARCH_USER_PATHS = NO;
				CLANG_ANALYZER_NONNULL = YES;
				CLANG_ANALYZER_NUMBER_OBJECT_CONVERSION = YES_AGGRESSIVE;
				CLANG_CXX_LANGUAGE_STANDARD = "gnu++14";
				CLANG_CXX_LIBRARY = "libc++";
				CLANG_ENABLE_MODULES = YES;
				CLANG_ENABLE_OBJC_ARC = YES;
				CLANG_ENABLE_OBJC_WEAK = YES;
				CLANG_WARN_BLOCK_CAPTURE_AUTORELEASING = YES;
				CLANG_WARN_BOOL_CONVERSION = YES;
				CLANG_WARN_COMMA = YES;
				CLANG_WARN_CONSTANT_CONVERSION = YES;
				CLANG_WARN_DEPRECATED_OBJC_IMPLEMENTATIONS = YES;
				CLANG_WARN_DIRECT_OBJC_ISA_USAGE = YES_ERROR;
				CLANG_WARN_DOCUMENTATION_COMMENTS = YES;
				CLANG_WARN_EMPTY_BODY = YES;
				CLANG_WARN_ENUM_CONVERSION = YES;
				CLANG_WARN_INFINITE_RECURSION = YES;
				CLANG_WARN_INT_CONVERSION = YES;
				CLANG_WARN_NON_LITERAL_NULL_CONVERSION = YES;
				CLANG_WARN_OBJC_IMPLICIT_RETAIN_SELF = YES;
				CLANG_WARN_OBJC_LITERAL_CONVERSION = YES;
				CLANG_WARN_OBJC_ROOT_CLASS = YES_ERROR;
				CLANG_WARN_RANGE_LOOP_ANALYSIS = YES;
				CLANG_WARN_STRICT_PROTOTYPES = YES;
				CLANG_WARN_SUSPICIOUS_MOVE = YES;
				CLANG_WARN_UNGUARDED_AVAILABILITY = YES_AGGRESSIVE;
				CLANG_WARN_UNREACHABLE_CODE = YES;
				CLANG_WARN__DUPLICATE_METHOD_MATCH = YES;
				CODE_SIGN_IDENTITY = "iPhone Developer";
				COPY_PHASE_STRIP = NO;
				CURRENT_PROJECT_VERSION = 1;
				DEBUG_INFORMATION_FORMAT = dwarf;
				ENABLE_STRICT_OBJC_MSGSEND = YES;
				ENABLE_TESTABILITY = YES;
				GCC_C_LANGUAGE_STANDARD = gnu11;
				GCC_DYNAMIC_NO_PIC = NO;
				GCC_NO_COMMON_BLOCKS = YES;
				GCC_OPTIMIZATION_LEVEL = 0;
				GCC_PREPROCESSOR_DEFINITIONS = (
					"DEBUG=1",
					"$(inherited)",
				);
				GCC_WARN_64_TO_32_BIT_CONVERSION = YES;
				GCC_WARN_ABOUT_RETURN_TYPE = YES_ERROR;
				GCC_WARN_UNDECLARED_SELECTOR = YES;
				GCC_WARN_UNINITIALIZED_AUTOS = YES_AGGRESSIVE;
				GCC_WARN_UNUSED_FUNCTION = YES;
				GCC_WARN_UNUSED_VARIABLE = YES;
				IPHONEOS_DEPLOYMENT_TARGET = 9.0;
				MTL_ENABLE_DEBUG_INFO = INCLUDE_SOURCE;
				MTL_FAST_MATH = YES;
				ONLY_ACTIVE_ARCH = YES;
				SDKROOT = iphoneos;
				SWIFT_ACTIVE_COMPILATION_CONDITIONS = DEBUG;
				SWIFT_OPTIMIZATION_LEVEL = "-Onone";
				VERSIONING_SYSTEM = "apple-generic";
				VERSION_INFO_PREFIX = "";
			};
			name = Debug;
		};
		F265D53B223E6EE800421445 /* Release */ = {
			isa = XCBuildConfiguration;
			buildSettings = {
				ALWAYS_SEARCH_USER_PATHS = NO;
				CLANG_ANALYZER_NONNULL = YES;
				CLANG_ANALYZER_NUMBER_OBJECT_CONVERSION = YES_AGGRESSIVE;
				CLANG_CXX_LANGUAGE_STANDARD = "gnu++14";
				CLANG_CXX_LIBRARY = "libc++";
				CLANG_ENABLE_MODULES = YES;
				CLANG_ENABLE_OBJC_ARC = YES;
				CLANG_ENABLE_OBJC_WEAK = YES;
				CLANG_WARN_BLOCK_CAPTURE_AUTORELEASING = YES;
				CLANG_WARN_BOOL_CONVERSION = YES;
				CLANG_WARN_COMMA = YES;
				CLANG_WARN_CONSTANT_CONVERSION = YES;
				CLANG_WARN_DEPRECATED_OBJC_IMPLEMENTATIONS = YES;
				CLANG_WARN_DIRECT_OBJC_ISA_USAGE = YES_ERROR;
				CLANG_WARN_DOCUMENTATION_COMMENTS = YES;
				CLANG_WARN_EMPTY_BODY = YES;
				CLANG_WARN_ENUM_CONVERSION = YES;
				CLANG_WARN_INFINITE_RECURSION = YES;
				CLANG_WARN_INT_CONVERSION = YES;
				CLANG_WARN_NON_LITERAL_NULL_CONVERSION = YES;
				CLANG_WARN_OBJC_IMPLICIT_RETAIN_SELF = YES;
				CLANG_WARN_OBJC_LITERAL_CONVERSION = YES;
				CLANG_WARN_OBJC_ROOT_CLASS = YES_ERROR;
				CLANG_WARN_RANGE_LOOP_ANALYSIS = YES;
				CLANG_WARN_STRICT_PROTOTYPES = YES;
				CLANG_WARN_SUSPICIOUS_MOVE = YES;
				CLANG_WARN_UNGUARDED_AVAILABILITY = YES_AGGRESSIVE;
				CLANG_WARN_UNREACHABLE_CODE = YES;
				CLANG_WARN__DUPLICATE_METHOD_MATCH = YES;
				CODE_SIGN_IDENTITY = "iPhone Developer";
				COPY_PHASE_STRIP = NO;
				CURRENT_PROJECT_VERSION = 1;
				DEBUG_INFORMATION_FORMAT = "dwarf-with-dsym";
				ENABLE_NS_ASSERTIONS = NO;
				ENABLE_STRICT_OBJC_MSGSEND = YES;
				GCC_C_LANGUAGE_STANDARD = gnu11;
				GCC_NO_COMMON_BLOCKS = YES;
				GCC_WARN_64_TO_32_BIT_CONVERSION = YES;
				GCC_WARN_ABOUT_RETURN_TYPE = YES_ERROR;
				GCC_WARN_UNDECLARED_SELECTOR = YES;
				GCC_WARN_UNINITIALIZED_AUTOS = YES_AGGRESSIVE;
				GCC_WARN_UNUSED_FUNCTION = YES;
				GCC_WARN_UNUSED_VARIABLE = YES;
				IPHONEOS_DEPLOYMENT_TARGET = 9.0;
				MTL_ENABLE_DEBUG_INFO = NO;
				MTL_FAST_MATH = YES;
				SDKROOT = iphoneos;
				SWIFT_COMPILATION_MODE = wholemodule;
				SWIFT_OPTIMIZATION_LEVEL = "-O";
				VALIDATE_PRODUCT = YES;
				VERSIONING_SYSTEM = "apple-generic";
				VERSION_INFO_PREFIX = "";
			};
			name = Release;
		};
		F265D53D223E6EE800421445 /* Debug */ = {
			isa = XCBuildConfiguration;
			buildSettings = {
				CLANG_ENABLE_MODULES = YES;
				CODE_SIGN_IDENTITY = "";
				CODE_SIGN_STYLE = Automatic;
				DEFINES_MODULE = YES;
				DYLIB_COMPATIBILITY_VERSION = 1;
				DYLIB_CURRENT_VERSION = 1;
				DYLIB_INSTALL_NAME_BASE = "@rpath";
				INFOPLIST_FILE = DDAnimatedSwitch/Info.plist;
				INSTALL_PATH = "$(LOCAL_LIBRARY_DIR)/Frameworks";
				LD_RUNPATH_SEARCH_PATHS = (
					"$(inherited)",
					"@executable_path/Frameworks",
					"@loader_path/Frameworks",
				);
				PRODUCT_BUNDLE_IDENTIFIER = DD.DDAnimatedSwitch;
				PRODUCT_NAME = "$(TARGET_NAME:c99extidentifier)";
				SKIP_INSTALL = YES;
				SWIFT_OPTIMIZATION_LEVEL = "-Onone";
				SWIFT_VERSION = 4.2;
				TARGETED_DEVICE_FAMILY = "1,2";
			};
			name = Debug;
		};
		F265D53E223E6EE800421445 /* Release */ = {
			isa = XCBuildConfiguration;
			buildSettings = {
				CLANG_ENABLE_MODULES = YES;
				CODE_SIGN_IDENTITY = "";
				CODE_SIGN_STYLE = Automatic;
				DEFINES_MODULE = YES;
				DYLIB_COMPATIBILITY_VERSION = 1;
				DYLIB_CURRENT_VERSION = 1;
				DYLIB_INSTALL_NAME_BASE = "@rpath";
				INFOPLIST_FILE = DDAnimatedSwitch/Info.plist;
				INSTALL_PATH = "$(LOCAL_LIBRARY_DIR)/Frameworks";
				LD_RUNPATH_SEARCH_PATHS = (
					"$(inherited)",
					"@executable_path/Frameworks",
					"@loader_path/Frameworks",
				);
				PRODUCT_BUNDLE_IDENTIFIER = DD.DDAnimatedSwitch;
				PRODUCT_NAME = "$(TARGET_NAME:c99extidentifier)";
				SKIP_INSTALL = YES;
				SWIFT_VERSION = 4.2;
				TARGETED_DEVICE_FAMILY = "1,2";
			};
			name = Release;
		};
/* End XCBuildConfiguration section */

/* Begin XCConfigurationList section */
		F265D52E223E6EE800421445 /* Build configuration list for PBXProject "DDAnimatedSwitch" */ = {
			isa = XCConfigurationList;
			buildConfigurations = (
				F265D53A223E6EE800421445 /* Debug */,
				F265D53B223E6EE800421445 /* Release */,
			);
			defaultConfigurationIsVisible = 0;
			defaultConfigurationName = Release;
		};
		F265D53C223E6EE800421445 /* Build configuration list for PBXNativeTarget "DDAnimatedSwitch" */ = {
			isa = XCConfigurationList;
			buildConfigurations = (
				F265D53D223E6EE800421445 /* Debug */,
				F265D53E223E6EE800421445 /* Release */,
			);
			defaultConfigurationIsVisible = 0;
			defaultConfigurationName = Release;
		};
/* End XCConfigurationList section */
	};
	rootObject = F265D52B223E6EE800421445 /* Project object */;
}
